
Microsoft Visual Studio Solution File, Format Version 12.00
# Visual Studio 15
VisualStudioVersion = 15.0.27428.2037
MinimumVisualStudioVersion = 10.0.40219.1
Project("{FAE04EC0-301F-11D3-BF4B-00C04F79EFBC}") = "RestServiceForData", "RestServiceForData\RestServiceForData.csproj", "{62824E97-DF59-4FA9-8250-8A85E1B79181}"
EndProject
Global
	GlobalSection(SolutionConfigurationPlatforms) = preSolution
		Debug|Any CPU = Debug|Any CPU
		Release|Any CPU = Release|Any CPU
	EndGlobalSection
	GlobalSection(ProjectConfigurationPlatforms) = postSolution
		{62824E97-DF59-4FA9-8250-8A85E1B79181}.Debug|Any CPU.ActiveCfg = Debug|Any CPU
		{62824E97-DF59-4FA9-8250-8A85E1B79181}.Debug|Any CPU.Build.0 = Debug|Any CPU
		{62824E97-DF59-4FA9-8250-8A85E1B79181}.Release|Any CPU.ActiveCfg = Release|Any CPU
		{62824E97-DF59-4FA9-8250-8A85E1B79181}.Release|Any CPU.Build.0 = Release|Any CPU
	EndGlobalSection
	GlobalSection(SolutionProperties) = preSolution
		HideSolutionNode = FALSE
	EndGlobalSection
	GlobalSection(ExtensibilityGlobals) = postSolution
		SolutionGuid = {AFE327ED-8C4A-4AF7-8260-8B43E5982D63}
	EndGlobalSection
EndGlobal
